// !$*UTF8*$!
{
	archiveVersion = 1;
	classes = {
	};
	objectVersion = 46;
	objects = {

/* Begin PBXBuildFile section */
		049848DC1BBBB8CB0059B314 /* AppDelegate.swift in Sources */ = {isa = PBXBuildFile; fileRef = 049848DB1BBBB8CB0059B314 /* AppDelegate.swift */; };
		049848E11BBBB8CB0059B314 /* Main.storyboard in Resources */ = {isa = PBXBuildFile; fileRef = 049848DF1BBBB8CB0059B314 /* Main.storyboard */; };
		049848E31BBBB8CB0059B314 /* Assets.xcassets in Resources */ = {isa = PBXBuildFile; fileRef = 049848E21BBBB8CB0059B314 /* Assets.xcassets */; };
		049848E61BBBB8CB0059B314 /* LaunchScreen.storyboard in Resources */ = {isa = PBXBuildFile; fileRef = 049848E41BBBB8CB0059B314 /* LaunchScreen.storyboard */; };
		049848F11BBBB8CB0059B314 /* DropitUITests.swift in Sources */ = {isa = PBXBuildFile; fileRef = 049848F01BBBB8CB0059B314 /* DropitUITests.swift */; };
		049848FC1BBBB91B0059B314 /* DropitViewController.swift in Sources */ = {isa = PBXBuildFile; fileRef = 049848FB1BBBB91B0059B314 /* DropitViewController.swift */; };
		049848FE1BBBCE500059B314 /* DropitBehavior.swift in Sources */ = {isa = PBXBuildFile; fileRef = 049848FD1BBBCE500059B314 /* DropitBehavior.swift */; };
		049849001BBBE1570059B314 /* BezierPathsView.swift in Sources */ = {isa = PBXBuildFile; fileRef = 049848FF1BBBE1570059B314 /* BezierPathsView.swift */; };
/* End PBXBuildFile section */

/* Begin PBXContainerItemProxy section */
		049848ED1BBBB8CB0059B314 /* PBXContainerItemProxy */ = {
			isa = PBXContainerItemProxy;
			containerPortal = 049848D01BBBB8CB0059B314 /* Project object */;
			proxyType = 1;
			remoteGlobalIDString = 049848D71BBBB8CB0059B314;
			remoteInfo = Dropit;
		};
/* End PBXContainerItemProxy section */

/* Begin PBXFileReference section */
		049848D81BBBB8CB0059B314 /* Dropit.app */ = {isa = PBXFileReference; explicitFileType = wrapper.application; includeInIndex = 0; path = Dropit.app; sourceTree = BUILT_PRODUCTS_DIR; };
		049848DB1BBBB8CB0059B314 /* AppDelegate.swift */ = {isa = PBXFileReference; lastKnownFileType = sourcecode.swift; path = AppDelegate.swift; sourceTree = "<group>"; };
		049848E01BBBB8CB0059B314 /* Base */ = {isa = PBXFileReference; lastKnownFileType = file.storyboard; name = Base; path = Base.lproj/Main.storyboard; sourceTree = "<group>"; };
		049848E21BBBB8CB0059B314 /* Assets.xcassets */ = {isa = PBXFileReference; lastKnownFileType = folder.assetcatalog; path = Assets.xcassets; sourceTree = "<group>"; };
		049848E51BBBB8CB0059B314 /* Base */ = {isa = PBXFileReference; lastKnownFileType = file.storyboard; name = Base; path = Base.lproj/LaunchScreen.storyboard; sourceTree = "<group>"; };
		049848E71BBBB8CB0059B314 /* Info.plist */ = {isa = PBXFileReference; lastKnownFileType = text.plist.xml; path = Info.plist; sourceTree = "<group>"; };
		049848EC1BBBB8CB0059B314 /* DropitUITests.xctest */ = {isa = PBXFileReference; explicitFileType = wrapper.cfbundle; includeInIndex = 0; path = DropitUITests.xctest; sourceTree = BUILT_PRODUCTS_DIR; };
		049848F01BBBB8CB0059B314 /* DropitUITests.swift */ = {isa = PBXFileReference; lastKnownFileType = sourcecode.swift; path = DropitUITests.swift; sourceTree = "<group>"; };
		049848F21BBBB8CB0059B314 /* Info.plist */ = {isa = PBXFileReference; lastKnownFileType = text.plist.xml; path = Info.plist; sourceTree = "<group>"; };
		049848FB1BBBB91B0059B314 /* DropitViewController.swift */ = {isa = PBXFileReference; fileEncoding = 4; lastKnownFileType = sourcecode.swift; path = DropitViewController.swift; sourceTree = "<group>"; };
		049848FD1BBBCE500059B314 /* DropitBehavior.swift */ = {isa = PBXFileReference; fileEncoding = 4; lastKnownFileType = sourcecode.swift; path = DropitBehavior.swift; sourceTree = SOURCE_ROOT; };
		049848FF1BBBE1570059B314 /* BezierPathsView.swift */ = {isa = PBXFileReference; fileEncoding = 4; lastKnownFileType = sourcecode.swift; path = BezierPathsView.swift; sourceTree = "<group>"; };
/* End PBXFileReference section */

/* Begin PBXFrameworksBuildPhase section */
		049848D51BBBB8CB0059B314 /* Frameworks */ = {
			isa = PBXFrameworksBuildPhase;
			buildActionMask = 2147483647;
			files = (
			);
			runOnlyForDeploymentPostprocessing = 0;
		};
		049848E91BBBB8CB0059B314 /* Frameworks */ = {
			isa = PBXFrameworksBuildPhase;
			buildActionMask = 2147483647;
			files = (
			);
			runOnlyForDeploymentPostprocessing = 0;
		};
/* End PBXFrameworksBuildPhase section */

/* Begin PBXGroup section */
		049848CF1BBBB8CB0059B314 = {
			isa = PBXGroup;
			children = (
				049848DA1BBBB8CB0059B314 /* Dropit */,
				049848EF1BBBB8CB0059B314 /* DropitUITests */,
				049848D91BBBB8CB0059B314 /* Products */,
			);
			sourceTree = "<group>";
		};
		049848D91BBBB8CB0059B314 /* Products */ = {
			isa = PBXGroup;
			children = (
				049848D81BBBB8CB0059B314 /* Dropit.app */,
				049848EC1BBBB8CB0059B314 /* DropitUITests.xctest */,
			);
			name = Products;
			sourceTree = "<group>";
		};
		049848DA1BBBB8CB0059B314 /* Dropit */ = {
			isa = PBXGroup;
			children = (
				049848DB1BBBB8CB0059B314 /* AppDelegate.swift */,
				049848DF1BBBB8CB0059B314 /* Main.storyboard */,
				049848E21BBBB8CB0059B314 /* Assets.xcassets */,
				049848E41BBBB8CB0059B314 /* LaunchScreen.storyboard */,
				049848E71BBBB8CB0059B314 /* Info.plist */,
				049848FB1BBBB91B0059B314 /* DropitViewController.swift */,
				049848FD1BBBCE500059B314 /* DropitBehavior.swift */,
				049848FF1BBBE1570059B314 /* BezierPathsView.swift */,
			);
			path = Dropit;
			sourceTree = "<group>";
		};
		049848EF1BBBB8CB0059B314 /* DropitUITests */ = {
			isa = PBXGroup;
			children = (
				049848F01BBBB8CB0059B314 /* DropitUITests.swift */,
				049848F21BBBB8CB0059B314 /* Info.plist */,
			);
			path = DropitUITests;
			sourceTree = "<group>";
		};
/* End PBXGroup section */

/* Begin PBXNativeTarget section */
		049848D71BBBB8CB0059B314 /* Dropit */ = {
			isa = PBXNativeTarget;
			buildConfigurationList = 049848F51BBBB8CB0059B314 /* Build configuration list for PBXNativeTarget "Dropit" */;
			buildPhases = (
				049848D41BBBB8CB0059B314 /* Sources */,
				049848D51BBBB8CB0059B314 /* Frameworks */,
				049848D61BBBB8CB0059B314 /* Resources */,
			);
			buildRules = (
			);
			dependencies = (
			);
			name = Dropit;
			productName = Dropit;
			productReference = 049848D81BBBB8CB0059B314 /* Dropit.app */;
			productType = "com.apple.product-type.application";
		};
		049848EB1BBBB8CB0059B314 /* DropitUITests */ = {
			isa = PBXNativeTarget;
			buildConfigurationList = 049848F81BBBB8CB0059B314 /* Build configuration list for PBXNativeTarget "DropitUITests" */;
			buildPhases = (
				049848E81BBBB8CB0059B314 /* Sources */,
				049848E91BBBB8CB0059B314 /* Frameworks */,
				049848EA1BBBB8CB0059B314 /* Resources */,
			);
			buildRules = (
			);
			dependencies = (
				049848EE1BBBB8CB0059B314 /* PBXTargetDependency */,
			);
			name = DropitUITests;
			productName = DropitUITests;
			productReference = 049848EC1BBBB8CB0059B314 /* DropitUITests.xctest */;
			productType = "com.apple.product-type.bundle.ui-testing";
		};
/* End PBXNativeTarget section */

/* Begin PBXProject section */
		049848D01BBBB8CB0059B314 /* Project object */ = {
			isa = PBXProject;
			attributes = {
				LastUpgradeCheck = 0710;
				ORGANIZATIONNAME = "Stanford University";
				TargetAttributes = {
					049848D71BBBB8CB0059B314 = {
						CreatedOnToolsVersion = 7.1;
					};
					049848EB1BBBB8CB0059B314 = {
						CreatedOnToolsVersion = 7.1;
						TestTargetID = 049848D71BBBB8CB0059B314;
					};
				};
			};
			buildConfigurationList = 049848D31BBBB8CB0059B314 /* Build configuration list for PBXProject "Dropit" */;
			compatibilityVersion = "Xcode 3.2";
			developmentRegion = English;
			hasScannedForEncodings = 0;
			knownRegions = (
				en,
				Base,
			);
			mainGroup = 049848CF1BBBB8CB0059B314;
			productRefGroup = 049848D91BBBB8CB0059B314 /* Products */;
			projectDirPath = "";
			projectRoot = "";
			targets = (
				049848D71BBBB8CB0059B314 /* Dropit */,
				049848EB1BBBB8CB0059B314 /* DropitUITests */,
			);
		};
/* End PBXProject section */

/* Begin PBXResourcesBuildPhase section */
		049848D61BBBB8CB0059B314 /* Resources */ = {
			isa = PBXResourcesBuildPhase;
			buildActionMask = 2147483647;
			files = (
				049848E61BBBB8CB0059B314 /* LaunchScreen.storyboard in Resources */,
				049848E31BBBB8CB0059B314 /* Assets.xcassets in Resources */,
				049848E11BBBB8CB0059B314 /* Main.storyboard in Resources */,
			);
			runOnlyForDeploymentPostprocessing = 0;
		};
		049848EA1BBBB8CB0059B314 /* Resources */ = {
			isa = PBXResourcesBuildPhase;
			buildActionMask = 2147483647;
			files = (
			);
			runOnlyForDeploymentPostprocessing = 0;
		};
/* End PBXResourcesBuildPhase section */

/* Begin PBXSourcesBuildPhase section */
		049848D41BBBB8CB0059B314 /* Sources */ = {
			isa = PBXSourcesBuildPhase;
			buildActionMask = 2147483647;
			files = (
				049849001BBBE1570059B314 /* BezierPathsView.swift in Sources */,
				049848FC1BBBB91B0059B314 /* DropitViewController.swift in Sources */,
				049848DC1BBBB8CB0059B314 /* AppDelegate.swift in Sources */,
				049848FE1BBBCE500059B314 /* DropitBehavior.swift in Sources */,
			);
			runOnlyForDeploymentPostprocessing = 0;
		};
		049848E81BBBB8CB0059B314 /* Sources */ = {
			isa = PBXSourcesBuildPhase;
			buildActionMask = 2147483647;
			files = (
				049848F11BBBB8CB0059B314 /* DropitUITests.swift in Sources */,
			);
			runOnlyForDeploymentPostprocessing = 0;
		};
/* End PBXSourcesBuildPhase section */

/* Begin PBXTargetDependency section */
		049848EE1BBBB8CB0059B314 /* PBXTargetDependency */ = {
			isa = PBXTargetDependency;
			target = 049848D71BBBB8CB0059B314 /* Dropit */;
			targetProxy = 049848ED1BBBB8CB0059B314 /* PBXContainerItemProxy */;
		};
/* End PBXTargetDependency section */

/* Begin PBXVariantGroup section */
		049848DF1BBBB8CB0059B314 /* Main.storyboard */ = {
			isa = PBXVariantGroup;
			children = (
				049848E01BBBB8CB0059B314 /* Base */,
			);
			name = Main.storyboard;
			sourceTree = "<group>";
		};
		049848E41BBBB8CB0059B314 /* LaunchScreen.storyboard */ = {
			isa = PBXVariantGroup;
			children = (
				049848E51BBBB8CB0059B314 /* Base */,
			);
			name = LaunchScreen.storyboard;
			sourceTree = "<group>";
		};
/* End PBXVariantGroup section */

/* Begin XCBuildConfiguration section */
		049848F31BBBB8CB0059B314 /* Debug */ = {
			isa = XCBuildConfiguration;
			buildSettings = {
				ALWAYS_SEARCH_USER_PATHS = NO;
				CLANG_CXX_LANGUAGE_STANDARD = "gnu++0x";
				CLANG_CXX_LIBRARY = "libc++";
				CLANG_ENABLE_MODULES = YES;
				CLANG_ENABLE_OBJC_ARC = YES;
				CLANG_WARN_BOOL_CONVERSION = YES;
				CLANG_WARN_CONSTANT_CONVERSION = YES;
				CLANG_WARN_DIRECT_OBJC_ISA_USAGE = YES_ERROR;
				CLANG_WARN_EMPTY_BODY = YES;
				CLANG_WARN_ENUM_CONVERSION = YES;
				CLANG_WARN_INT_CONVERSION = YES;
				CLANG_WARN_OBJC_ROOT_CLASS = YES_ERROR;
				CLANG_WARN_UNREACHABLE_CODE = YES;
				CLANG_WARN__DUPLICATE_METHOD_MATCH = YES;
				"CODE_SIGN_IDENTITY[sdk=iphoneos*]" = "iPhone Developer";
				COPY_PHASE_STRIP = NO;
				DEBUG_INFORMATION_FORMAT = dwarf;
				ENABLE_STRICT_OBJC_MSGSEND = YES;
				ENABLE_TESTABILITY = YES;
				GCC_C_LANGUAGE_STANDARD = gnu99;
				GCC_DYNAMIC_NO_PIC = NO;
				GCC_NO_COMMON_BLOCKS = YES;
				GCC_OPTIMIZATION_LEVEL = 0;
				GCC_PREPROCESSOR_DEFINITIONS = (
					"DEBUG=1",
					"$(inherited)",
				);
				GCC_WARN_64_TO_32_BIT_CONVERSION = YES;
				GCC_WARN_ABOUT_RETURN_TYPE = YES_ERROR;
				GCC_WARN_UNDECLARED_SELECTOR = YES;
				GCC_WARN_UNINITIALIZED_AUTOS = YES_AGGRESSIVE;
				GCC_WARN_UNUSED_FUNCTION = YES;
				GCC_WARN_UNUSED_VARIABLE = YES;
				IPHONEOS_DEPLOYMENT_TARGET = 9.1;
				MTL_ENABLE_DEBUG_INFO = YES;
				ONLY_ACTIVE_ARCH = YES;
				SDKROOT = iphoneos;
				SWIFT_OPTIMIZATION_LEVEL = "-Onone";
				TARGETED_DEVICE_FAMILY = "1,2";
			};
			name = Debug;
		};
		049848F41BBBB8CB0059B314 /* Release */ = {
			isa = XCBuildConfiguration;
			buildSettings = {
				ALWAYS_SEARCH_USER_PATHS = NO;
				CLANG_CXX_LANGUAGE_STANDARD = "gnu++0x";
				CLANG_CXX_LIBRARY = "libc++";
				CLANG_ENABLE_MODULES = YES;
				CLANG_ENABLE_OBJC_ARC = YES;
				CLANG_WARN_BOOL_CONVERSION = YES;
				CLANG_WARN_CONSTANT_CONVERSION = YES;
				CLANG_WARN_DIRECT_OBJC_ISA_USAGE = YES_ERROR;
				CLANG_WARN_EMPTY_BODY = YES;
				CLANG_WARN_ENUM_CONVERSION = YES;
				CLANG_WARN_INT_CONVERSION = YES;
				CLANG_WARN_OBJC_ROOT_CLASS = YES_ERROR;
				CLANG_WARN_UNREACHABLE_CODE = YES;
				CLANG_WARN__DUPLICATE_METHOD_MATCH = YES;
				"CODE_SIGN_IDENTITY[sdk=iphoneos*]" = "iPhone Developer";
				COPY_PHASE_STRIP = NO;
				DEBUG_INFORMATION_FORMAT = "dwarf-with-dsym";
				ENABLE_NS_ASSERTIONS = NO;
				ENABLE_STRICT_OBJC_MSGSEND = YES;
				GCC_C_LANGUAGE_STANDARD = gnu99;
				GCC_NO_COMMON_BLOCKS = YES;
				GCC_WARN_64_TO_32_BIT_CONVERSION = YES;
				GCC_WARN_ABOUT_RETURN_TYPE = YES_ERROR;
				GCC_WARN_UNDECLARED_SELECTOR = YES;
				GCC_WARN_UNINITIALIZED_AUTOS = YES_AGGRESSIVE;
				GCC_WARN_UNUSED_FUNCTION = YES;
				GCC_WARN_UNUSED_VARIABLE = YES;
				IPHONEOS_DEPLOYMENT_TARGET = 9.1;
				MTL_ENABLE_DEBUG_INFO = NO;
				SDKROOT = iphoneos;
				TARGETED_DEVICE_FAMILY = "1,2";
				VALIDATE_PRODUCT = YES;
			};
			name = Release;
		};
		049848F61BBBB8CB0059B314 /* Debug */ = {
			isa = XCBuildConfiguration;
			buildSettings = {
				ASSETCATALOG_COMPILER_APPICON_NAME = AppIcon;
				INFOPLIST_FILE = Dropit/Info.plist;
				LD_RUNPATH_SEARCH_PATHS = "$(inherited) @executable_path/Frameworks";
				PRODUCT_BUNDLE_IDENTIFIER = edu.stanford.cs193p.instructor.Dropit;
				PRODUCT_NAME = "$(TARGET_NAME)";
			};
			name = Debug;
		};
		049848F71BBBB8CB0059B314 /* Release */ = {
			isa = XCBuildConfiguration;
			buildSettings = {
				ASSETCATALOG_COMPILER_APPICON_NAME = AppIcon;
				INFOPLIST_FILE = Dropit/Info.plist;
				LD_RUNPATH_SEARCH_PATHS = "$(inherited) @executable_path/Frameworks";
				PRODUCT_BUNDLE_IDENTIFIER = edu.stanford.cs193p.instructor.Dropit;
				PRODUCT_NAME = "$(TARGET_NAME)";
			};
			name = Release;
		};
		049848F91BBBB8CB0059B314 /* Debug */ = {
			isa = XCBuildConfiguration;
			buildSettings = {
				INFOPLIST_FILE = DropitUITests/Info.plist;
				LD_RUNPATH_SEARCH_PATHS = "$(inherited) @executable_path/Frameworks @loader_path/Frameworks";
				PRODUCT_BUNDLE_IDENTIFIER = edu.stanford.cs193p.instructor.DropitUITests;
				PRODUCT_NAME = "$(TARGET_NAME)";
				TEST_TARGET_NAME = Dropit;
				USES_XCTRUNNER = YES;
			};
			name = Debug;
		};
		049848FA1BBBB8CB0059B314 /* Release */ = {
			isa = XCBuildConfiguration;
			buildSettings = {
				INFOPLIST_FILE = DropitUITests/Info.plist;
				LD_RUNPATH_SEARCH_PATHS = "$(inherited) @executable_path/Frameworks @loader_path/Frameworks";
				PRODUCT_BUNDLE_IDENTIFIER = edu.stanford.cs193p.instructor.DropitUITests;
				PRODUCT_NAME = "$(TARGET_NAME)";
				TEST_TARGET_NAME = Dropit;
				USES_XCTRUNNER = YES;
			};
			name = Release;
		};
/* End XCBuildConfiguration section */

/* Begin XCConfigurationList section */
		049848D31BBBB8CB0059B314 /* Build configuration list for PBXProject "Dropit" */ = {
			isa = XCConfigurationList;
			buildConfigurations = (
				049848F31BBBB8CB0059B314 /* Debug */,
				049848F41BBBB8CB0059B314 /* Release */,
			);
			defaultConfigurationIsVisible = 0;
			defaultConfigurationName = Release;
		};
		049848F51BBBB8CB0059B314 /* Build configuration list for PBXNativeTarget "Dropit" */ = {
			isa = XCConfigurationList;
			buildConfigurations = (
				049848F61BBBB8CB0059B314 /* Debug */,
				049848F71BBBB8CB0059B314 /* Release */,
			);
			defaultConfigurationIsVisible = 0;
		};
		049848F81BBBB8CB0059B314 /* Build configuration list for PBXNativeTarget "DropitUITests" */ = {
			isa = XCConfigurationList;
			buildConfigurations = (
				049848F91BBBB8CB0059B314 /* Debug */,
				049848FA1BBBB8CB0059B314 /* Release */,
			);
			defaultConfigurationIsVisible = 0;
		};
/* End XCConfigurationList section */
	};
	rootObject = 049848D01BBBB8CB0059B314 /* Project object */;
}
