// !$*UTF8*$!
{
	archiveVersion = 1;
	classes = {
	};
	objectVersion = 46;
	objects = {

/* Begin PBXBuildFile section */
		04EBF6FC1BA2F41300C07C3B /* AppDelegate.swift in Sources */ = {isa = PBXBuildFile; fileRef = 04EBF6FB1BA2F41300C07C3B /* AppDelegate.swift */; };
		04EBF6FE1BA2F41300C07C3B /* ViewController.swift in Sources */ = {isa = PBXBuildFile; fileRef = 04EBF6FD1BA2F41300C07C3B /* ViewController.swift */; };
		04EBF7011BA2F41300C07C3B /* Main.storyboard in Resources */ = {isa = PBXBuildFile; fileRef = 04EBF6FF1BA2F41300C07C3B /* Main.storyboard */; };
		04EBF7031BA2F41300C07C3B /* Assets.xcassets in Resources */ = {isa = PBXBuildFile; fileRef = 04EBF7021BA2F41300C07C3B /* Assets.xcassets */; };
		04EBF7061BA2F41300C07C3B /* LaunchScreen.storyboard in Resources */ = {isa = PBXBuildFile; fileRef = 04EBF7041BA2F41300C07C3B /* LaunchScreen.storyboard */; };
		04EBF7111BA2F41300C07C3B /* CassiniUITests.swift in Sources */ = {isa = PBXBuildFile; fileRef = 04EBF7101BA2F41300C07C3B /* CassiniUITests.swift */; };
		04EBF71C1BA2F46100C07C3B /* ImageViewController.swift in Sources */ = {isa = PBXBuildFile; fileRef = 04EBF71B1BA2F46100C07C3B /* ImageViewController.swift */; };
		04EBF71E1BA2F8CD00C07C3B /* DemoURL.swift in Sources */ = {isa = PBXBuildFile; fileRef = 04EBF71D1BA2F8CD00C07C3B /* DemoURL.swift */; };
/* End PBXBuildFile section */

/* Begin PBXContainerItemProxy section */
		04EBF70D1BA2F41300C07C3B /* PBXContainerItemProxy */ = {
			isa = PBXContainerItemProxy;
			containerPortal = 04EBF6F01BA2F41300C07C3B /* Project object */;
			proxyType = 1;
			remoteGlobalIDString = 04EBF6F71BA2F41300C07C3B;
			remoteInfo = Cassini;
		};
/* End PBXContainerItemProxy section */

/* Begin PBXFileReference section */
		04EBF6F81BA2F41300C07C3B /* Cassini.app */ = {isa = PBXFileReference; explicitFileType = wrapper.application; includeInIndex = 0; path = Cassini.app; sourceTree = BUILT_PRODUCTS_DIR; };
		04EBF6FB1BA2F41300C07C3B /* AppDelegate.swift */ = {isa = PBXFileReference; lastKnownFileType = sourcecode.swift; path = AppDelegate.swift; sourceTree = "<group>"; };
		04EBF6FD1BA2F41300C07C3B /* ViewController.swift */ = {isa = PBXFileReference; lastKnownFileType = sourcecode.swift; path = ViewController.swift; sourceTree = "<group>"; };
		04EBF7001BA2F41300C07C3B /* Base */ = {isa = PBXFileReference; lastKnownFileType = file.storyboard; name = Base; path = Base.lproj/Main.storyboard; sourceTree = "<group>"; };
		04EBF7021BA2F41300C07C3B /* Assets.xcassets */ = {isa = PBXFileReference; lastKnownFileType = folder.assetcatalog; path = Assets.xcassets; sourceTree = "<group>"; };
		04EBF7051BA2F41300C07C3B /* Base */ = {isa = PBXFileReference; lastKnownFileType = file.storyboard; name = Base; path = Base.lproj/LaunchScreen.storyboard; sourceTree = "<group>"; };
		04EBF7071BA2F41300C07C3B /* Info.plist */ = {isa = PBXFileReference; lastKnownFileType = text.plist.xml; path = Info.plist; sourceTree = "<group>"; };
		04EBF70C1BA2F41300C07C3B /* CassiniUITests.xctest */ = {isa = PBXFileReference; explicitFileType = wrapper.cfbundle; includeInIndex = 0; path = CassiniUITests.xctest; sourceTree = BUILT_PRODUCTS_DIR; };
		04EBF7101BA2F41300C07C3B /* CassiniUITests.swift */ = {isa = PBXFileReference; lastKnownFileType = sourcecode.swift; path = CassiniUITests.swift; sourceTree = "<group>"; };
		04EBF7121BA2F41300C07C3B /* Info.plist */ = {isa = PBXFileReference; lastKnownFileType = text.plist.xml; path = Info.plist; sourceTree = "<group>"; };
		04EBF71B1BA2F46100C07C3B /* ImageViewController.swift */ = {isa = PBXFileReference; fileEncoding = 4; lastKnownFileType = sourcecode.swift; path = ImageViewController.swift; sourceTree = "<group>"; };
		04EBF71D1BA2F8CD00C07C3B /* DemoURL.swift */ = {isa = PBXFileReference; fileEncoding = 4; lastKnownFileType = sourcecode.swift; path = DemoURL.swift; sourceTree = "<group>"; };
/* End PBXFileReference section */

/* Begin PBXFrameworksBuildPhase section */
		04EBF6F51BA2F41300C07C3B /* Frameworks */ = {
			isa = PBXFrameworksBuildPhase;
			buildActionMask = 2147483647;
			files = (
			);
			runOnlyForDeploymentPostprocessing = 0;
		};
		04EBF7091BA2F41300C07C3B /* Frameworks */ = {
			isa = PBXFrameworksBuildPhase;
			buildActionMask = 2147483647;
			files = (
			);
			runOnlyForDeploymentPostprocessing = 0;
		};
/* End PBXFrameworksBuildPhase section */

/* Begin PBXGroup section */
		04EBF6EF1BA2F41300C07C3B = {
			isa = PBXGroup;
			children = (
				04EBF6FA1BA2F41300C07C3B /* Cassini */,
				04EBF70F1BA2F41300C07C3B /* CassiniUITests */,
				04EBF6F91BA2F41300C07C3B /* Products */,
			);
			sourceTree = "<group>";
		};
		04EBF6F91BA2F41300C07C3B /* Products */ = {
			isa = PBXGroup;
			children = (
				04EBF6F81BA2F41300C07C3B /* Cassini.app */,
				04EBF70C1BA2F41300C07C3B /* CassiniUITests.xctest */,
			);
			name = Products;
			sourceTree = "<group>";
		};
		04EBF6FA1BA2F41300C07C3B /* Cassini */ = {
			isa = PBXGroup;
			children = (
				04EBF6FB1BA2F41300C07C3B /* AppDelegate.swift */,
				04EBF6FD1BA2F41300C07C3B /* ViewController.swift */,
				04EBF6FF1BA2F41300C07C3B /* Main.storyboard */,
				04EBF7021BA2F41300C07C3B /* Assets.xcassets */,
				04EBF7041BA2F41300C07C3B /* LaunchScreen.storyboard */,
				04EBF7071BA2F41300C07C3B /* Info.plist */,
				04EBF71B1BA2F46100C07C3B /* ImageViewController.swift */,
				04EBF71D1BA2F8CD00C07C3B /* DemoURL.swift */,
			);
			path = Cassini;
			sourceTree = "<group>";
		};
		04EBF70F1BA2F41300C07C3B /* CassiniUITests */ = {
			isa = PBXGroup;
			children = (
				04EBF7101BA2F41300C07C3B /* CassiniUITests.swift */,
				04EBF7121BA2F41300C07C3B /* Info.plist */,
			);
			path = CassiniUITests;
			sourceTree = "<group>";
		};
/* End PBXGroup section */

/* Begin PBXNativeTarget section */
		04EBF6F71BA2F41300C07C3B /* Cassini */ = {
			isa = PBXNativeTarget;
			buildConfigurationList = 04EBF7151BA2F41300C07C3B /* Build configuration list for PBXNativeTarget "Cassini" */;
			buildPhases = (
				04EBF6F41BA2F41300C07C3B /* Sources */,
				04EBF6F51BA2F41300C07C3B /* Frameworks */,
				04EBF6F61BA2F41300C07C3B /* Resources */,
			);
			buildRules = (
			);
			dependencies = (
			);
			name = Cassini;
			productName = Cassini;
			productReference = 04EBF6F81BA2F41300C07C3B /* Cassini.app */;
			productType = "com.apple.product-type.application";
		};
		04EBF70B1BA2F41300C07C3B /* CassiniUITests */ = {
			isa = PBXNativeTarget;
			buildConfigurationList = 04EBF7181BA2F41300C07C3B /* Build configuration list for PBXNativeTarget "CassiniUITests" */;
			buildPhases = (
				04EBF7081BA2F41300C07C3B /* Sources */,
				04EBF7091BA2F41300C07C3B /* Frameworks */,
				04EBF70A1BA2F41300C07C3B /* Resources */,
			);
			buildRules = (
			);
			dependencies = (
				04EBF70E1BA2F41300C07C3B /* PBXTargetDependency */,
			);
			name = CassiniUITests;
			productName = CassiniUITests;
			productReference = 04EBF70C1BA2F41300C07C3B /* CassiniUITests.xctest */;
			productType = "com.apple.product-type.bundle.ui-testing";
		};
/* End PBXNativeTarget section */

/* Begin PBXProject section */
		04EBF6F01BA2F41300C07C3B /* Project object */ = {
			isa = PBXProject;
			attributes = {
				LastUpgradeCheck = 0710;
				ORGANIZATIONNAME = "Stanford University";
				TargetAttributes = {
					04EBF6F71BA2F41300C07C3B = {
						CreatedOnToolsVersion = 7.1;
					};
					04EBF70B1BA2F41300C07C3B = {
						CreatedOnToolsVersion = 7.1;
						TestTargetID = 04EBF6F71BA2F41300C07C3B;
					};
				};
			};
			buildConfigurationList = 04EBF6F31BA2F41300C07C3B /* Build configuration list for PBXProject "Cassini" */;
			compatibilityVersion = "Xcode 3.2";
			developmentRegion = English;
			hasScannedForEncodings = 0;
			knownRegions = (
				en,
				Base,
			);
			mainGroup = 04EBF6EF1BA2F41300C07C3B;
			productRefGroup = 04EBF6F91BA2F41300C07C3B /* Products */;
			projectDirPath = "";
			projectRoot = "";
			targets = (
				04EBF6F71BA2F41300C07C3B /* Cassini */,
				04EBF70B1BA2F41300C07C3B /* CassiniUITests */,
			);
		};
/* End PBXProject section */

/* Begin PBXResourcesBuildPhase section */
		04EBF6F61BA2F41300C07C3B /* Resources */ = {
			isa = PBXResourcesBuildPhase;
			buildActionMask = 2147483647;
			files = (
				04EBF7061BA2F41300C07C3B /* LaunchScreen.storyboard in Resources */,
				04EBF7031BA2F41300C07C3B /* Assets.xcassets in Resources */,
				04EBF7011BA2F41300C07C3B /* Main.storyboard in Resources */,
			);
			runOnlyForDeploymentPostprocessing = 0;
		};
		04EBF70A1BA2F41300C07C3B /* Resources */ = {
			isa = PBXResourcesBuildPhase;
			buildActionMask = 2147483647;
			files = (
			);
			runOnlyForDeploymentPostprocessing = 0;
		};
/* End PBXResourcesBuildPhase section */

/* Begin PBXSourcesBuildPhase section */
		04EBF6F41BA2F41300C07C3B /* Sources */ = {
			isa = PBXSourcesBuildPhase;
			buildActionMask = 2147483647;
			files = (
				04EBF71E1BA2F8CD00C07C3B /* DemoURL.swift in Sources */,
				04EBF6FE1BA2F41300C07C3B /* ViewController.swift in Sources */,
				04EBF71C1BA2F46100C07C3B /* ImageViewController.swift in Sources */,
				04EBF6FC1BA2F41300C07C3B /* AppDelegate.swift in Sources */,
			);
			runOnlyForDeploymentPostprocessing = 0;
		};
		04EBF7081BA2F41300C07C3B /* Sources */ = {
			isa = PBXSourcesBuildPhase;
			buildActionMask = 2147483647;
			files = (
				04EBF7111BA2F41300C07C3B /* CassiniUITests.swift in Sources */,
			);
			runOnlyForDeploymentPostprocessing = 0;
		};
/* End PBXSourcesBuildPhase section */

/* Begin PBXTargetDependency section */
		04EBF70E1BA2F41300C07C3B /* PBXTargetDependency */ = {
			isa = PBXTargetDependency;
			target = 04EBF6F71BA2F41300C07C3B /* Cassini */;
			targetProxy = 04EBF70D1BA2F41300C07C3B /* PBXContainerItemProxy */;
		};
/* End PBXTargetDependency section */

/* Begin PBXVariantGroup section */
		04EBF6FF1BA2F41300C07C3B /* Main.storyboard */ = {
			isa = PBXVariantGroup;
			children = (
				04EBF7001BA2F41300C07C3B /* Base */,
			);
			name = Main.storyboard;
			sourceTree = "<group>";
		};
		04EBF7041BA2F41300C07C3B /* LaunchScreen.storyboard */ = {
			isa = PBXVariantGroup;
			children = (
				04EBF7051BA2F41300C07C3B /* Base */,
			);
			name = LaunchScreen.storyboard;
			sourceTree = "<group>";
		};
/* End PBXVariantGroup section */

/* Begin XCBuildConfiguration section */
		04EBF7131BA2F41300C07C3B /* Debug */ = {
			isa = XCBuildConfiguration;
			buildSettings = {
				ALWAYS_SEARCH_USER_PATHS = NO;
				CLANG_CXX_LANGUAGE_STANDARD = "gnu++0x";
				CLANG_CXX_LIBRARY = "libc++";
				CLANG_ENABLE_MODULES = YES;
				CLANG_ENABLE_OBJC_ARC = YES;
				CLANG_WARN_BOOL_CONVERSION = YES;
				CLANG_WARN_CONSTANT_CONVERSION = YES;
				CLANG_WARN_DIRECT_OBJC_ISA_USAGE = YES_ERROR;
				CLANG_WARN_EMPTY_BODY = YES;
				CLANG_WARN_ENUM_CONVERSION = YES;
				CLANG_WARN_INT_CONVERSION = YES;
				CLANG_WARN_OBJC_ROOT_CLASS = YES_ERROR;
				CLANG_WARN_UNREACHABLE_CODE = YES;
				CLANG_WARN__DUPLICATE_METHOD_MATCH = YES;
				"CODE_SIGN_IDENTITY[sdk=iphoneos*]" = "iPhone Developer";
				COPY_PHASE_STRIP = NO;
				DEBUG_INFORMATION_FORMAT = dwarf;
				ENABLE_STRICT_OBJC_MSGSEND = YES;
				ENABLE_TESTABILITY = YES;
				GCC_C_LANGUAGE_STANDARD = gnu99;
				GCC_DYNAMIC_NO_PIC = NO;
				GCC_NO_COMMON_BLOCKS = YES;
				GCC_OPTIMIZATION_LEVEL = 0;
				GCC_PREPROCESSOR_DEFINITIONS = (
					"DEBUG=1",
					"$(inherited)",
				);
				GCC_WARN_64_TO_32_BIT_CONVERSION = YES;
				GCC_WARN_ABOUT_RETURN_TYPE = YES_ERROR;
				GCC_WARN_UNDECLARED_SELECTOR = YES;
				GCC_WARN_UNINITIALIZED_AUTOS = YES_AGGRESSIVE;
				GCC_WARN_UNUSED_FUNCTION = YES;
				GCC_WARN_UNUSED_VARIABLE = YES;
				IPHONEOS_DEPLOYMENT_TARGET = 9.1;
				MTL_ENABLE_DEBUG_INFO = YES;
				ONLY_ACTIVE_ARCH = YES;
				SDKROOT = iphoneos;
				SWIFT_OPTIMIZATION_LEVEL = "-Onone";
				TARGETED_DEVICE_FAMILY = "1,2";
			};
			name = Debug;
		};
		04EBF7141BA2F41300C07C3B /* Release */ = {
			isa = XCBuildConfiguration;
			buildSettings = {
				ALWAYS_SEARCH_USER_PATHS = NO;
				CLANG_CXX_LANGUAGE_STANDARD = "gnu++0x";
				CLANG_CXX_LIBRARY = "libc++";
				CLANG_ENABLE_MODULES = YES;
				CLANG_ENABLE_OBJC_ARC = YES;
				CLANG_WARN_BOOL_CONVERSION = YES;
				CLANG_WARN_CONSTANT_CONVERSION = YES;
				CLANG_WARN_DIRECT_OBJC_ISA_USAGE = YES_ERROR;
				CLANG_WARN_EMPTY_BODY = YES;
				CLANG_WARN_ENUM_CONVERSION = YES;
				CLANG_WARN_INT_CONVERSION = YES;
				CLANG_WARN_OBJC_ROOT_CLASS = YES_ERROR;
				CLANG_WARN_UNREACHABLE_CODE = YES;
				CLANG_WARN__DUPLICATE_METHOD_MATCH = YES;
				"CODE_SIGN_IDENTITY[sdk=iphoneos*]" = "iPhone Developer";
				COPY_PHASE_STRIP = NO;
				DEBUG_INFORMATION_FORMAT = "dwarf-with-dsym";
				ENABLE_NS_ASSERTIONS = NO;
				ENABLE_STRICT_OBJC_MSGSEND = YES;
				GCC_C_LANGUAGE_STANDARD = gnu99;
				GCC_NO_COMMON_BLOCKS = YES;
				GCC_WARN_64_TO_32_BIT_CONVERSION = YES;
				GCC_WARN_ABOUT_RETURN_TYPE = YES_ERROR;
				GCC_WARN_UNDECLARED_SELECTOR = YES;
				GCC_WARN_UNINITIALIZED_AUTOS = YES_AGGRESSIVE;
				GCC_WARN_UNUSED_FUNCTION = YES;
				GCC_WARN_UNUSED_VARIABLE = YES;
				IPHONEOS_DEPLOYMENT_TARGET = 9.1;
				MTL_ENABLE_DEBUG_INFO = NO;
				SDKROOT = iphoneos;
				TARGETED_DEVICE_FAMILY = "1,2";
				VALIDATE_PRODUCT = YES;
			};
			name = Release;
		};
		04EBF7161BA2F41300C07C3B /* Debug */ = {
			isa = XCBuildConfiguration;
			buildSettings = {
				ASSETCATALOG_COMPILER_APPICON_NAME = AppIcon;
				INFOPLIST_FILE = Cassini/Info.plist;
				LD_RUNPATH_SEARCH_PATHS = "$(inherited) @executable_path/Frameworks";
				PRODUCT_BUNDLE_IDENTIFIER = edu.stanford.cs193p.instructor.Cassini;
				PRODUCT_NAME = "$(TARGET_NAME)";
			};
			name = Debug;
		};
		04EBF7171BA2F41300C07C3B /* Release */ = {
			isa = XCBuildConfiguration;
			buildSettings = {
				ASSETCATALOG_COMPILER_APPICON_NAME = AppIcon;
				INFOPLIST_FILE = Cassini/Info.plist;
				LD_RUNPATH_SEARCH_PATHS = "$(inherited) @executable_path/Frameworks";
				PRODUCT_BUNDLE_IDENTIFIER = edu.stanford.cs193p.instructor.Cassini;
				PRODUCT_NAME = "$(TARGET_NAME)";
			};
			name = Release;
		};
		04EBF7191BA2F41300C07C3B /* Debug */ = {
			isa = XCBuildConfiguration;
			buildSettings = {
				INFOPLIST_FILE = CassiniUITests/Info.plist;
				LD_RUNPATH_SEARCH_PATHS = "$(inherited) @executable_path/Frameworks @loader_path/Frameworks";
				PRODUCT_BUNDLE_IDENTIFIER = edu.stanford.cs193p.instructor.CassiniUITests;
				PRODUCT_NAME = "$(TARGET_NAME)";
				TEST_TARGET_NAME = Cassini;
				USES_XCTRUNNER = YES;
			};
			name = Debug;
		};
		04EBF71A1BA2F41300C07C3B /* Release */ = {
			isa = XCBuildConfiguration;
			buildSettings = {
				INFOPLIST_FILE = CassiniUITests/Info.plist;
				LD_RUNPATH_SEARCH_PATHS = "$(inherited) @executable_path/Frameworks @loader_path/Frameworks";
				PRODUCT_BUNDLE_IDENTIFIER = edu.stanford.cs193p.instructor.CassiniUITests;
				PRODUCT_NAME = "$(TARGET_NAME)";
				TEST_TARGET_NAME = Cassini;
				USES_XCTRUNNER = YES;
			};
			name = Release;
		};
/* End XCBuildConfiguration section */

/* Begin XCConfigurationList section */
		04EBF6F31BA2F41300C07C3B /* Build configuration list for PBXProject "Cassini" */ = {
			isa = XCConfigurationList;
			buildConfigurations = (
				04EBF7131BA2F41300C07C3B /* Debug */,
				04EBF7141BA2F41300C07C3B /* Release */,
			);
			defaultConfigurationIsVisible = 0;
			defaultConfigurationName = Release;
		};
		04EBF7151BA2F41300C07C3B /* Build configuration list for PBXNativeTarget "Cassini" */ = {
			isa = XCConfigurationList;
			buildConfigurations = (
				04EBF7161BA2F41300C07C3B /* Debug */,
				04EBF7171BA2F41300C07C3B /* Release */,
			);
			defaultConfigurationIsVisible = 0;
		};
		04EBF7181BA2F41300C07C3B /* Build configuration list for PBXNativeTarget "CassiniUITests" */ = {
			isa = XCConfigurationList;
			buildConfigurations = (
				04EBF7191BA2F41300C07C3B /* Debug */,
				04EBF71A1BA2F41300C07C3B /* Release */,
			);
			defaultConfigurationIsVisible = 0;
		};
/* End XCConfigurationList section */
	};
	rootObject = 04EBF6F01BA2F41300C07C3B /* Project object */;
}
